<?xml version="1.0" encoding="UTF-8"?>
<Scheme
   LastUpgradeVersion = "0900"
   version = "1.3">
   <BuildAction
      parallelizeBuildables = "YES"
      buildImplicitDependencies = "YES">
      <BuildActionEntries>
         <BuildActionEntry
            buildForTesting = "YES"
            buildForRunning = "YES"
            buildForProfiling = "YES"
            buildForArchiving = "YES"
            buildForAnalyzing = "YES">
            <BuildableReference
               BuildableIdentifier = "primary"
               BlueprintIdentifier = "167CA9BB1EFCF3E50091689C"
               BuildableName = "UInt128.framework"
               BlueprintName = "UInt128-iOS"
               ReferencedContainer = "container:UInt128.xcodeproj">
            </BuildableReference>
         </BuildActionEntry>
      </BuildActionEntries>
   </BuildAction>
   <TestAction
      buildConfiguration = "Debug"
      selectedDebuggerIdentifier = "Xcode.DebuggerFoundation.Debugger.LLDB"
      selectedLauncherIdentifier = "Xcode.DebuggerFoundation.Launcher.LLDB"
      shouldUseLaunchSchemeArgsEnv = "YES"
      codeCoverageEnabled = "YES">
      <Testables>
         <TestableReference
            skipped = "NO">
            <BuildableReference
               BuildableIdentifier = "primary"
               BlueprintIdentifier = "OBJ_23"
               BuildableName = "UInt128Tests.xctest"
               BlueprintName = "UInt128Tests"
               ReferencedContainer = "container:UInt128.xcodeproj">
            </BuildableReference>
            <SkippedTests>
               <Test
                  Identifier = "BinaryIntegerTests/testBooleanAndEqualOperator()">
               </Test>
               <Test
                  Identifier = "BinaryIntegerTests/testBooleanOrEqualOperator()">
               </Test>
               <Test
                  Identifier = "BinaryIntegerTests/testBooleanXorEqualOperator()">
               </Test>
               <Test
                  Identifier = "BinaryIntegerTests/testDivideEqualOperator()">
               </Test>
               <Test
                  Identifier = "BinaryIntegerTests/testDivideOperator()">
               </Test>
               <Test
                  Identifier = "BinaryIntegerTests/testModuleEqualOperator()">
               </Test>
               <Test
                  Identifier = "BinaryIntegerTests/testModuloOperator()">
               </Test>
               <Test
                  Identifier = "ComparableTests/testLessThanOperator()">
               </Test>
               <Test
                  Identifier = "EquatableTests/testBooleanEqualsOperator()">
               </Test>
               <Test
                  Identifier = "FixedWidthIntegerTests/testAddingReportingOverflow()">
               </Test>
               <Test
                  Identifier = "FixedWidthIntegerTests/testDividedReportingOverflow()">
               </Test>
               <Test
                  Identifier = "FixedWidthIntegerTests/testDividingFullWidth()">
               </Test>
               <Test
                  Identifier = "FixedWidthIntegerTests/testInitWithBigEndian()">
               </Test>
               <Test
                  Identifier = "FixedWidthIntegerTests/testInitWithLittleEndian()">
               </Test>
               <Test
                  Identifier = "FixedWidthIntegerTests/testMultipliedFullWidth()">
               </Test>
               <Test
                  Identifier = "FixedWidthIntegerTests/testMultipliedReportingOverflow()">
               </Test>
               <Test
                  Identifier = "FixedWidthIntegerTests/testQuotientAndRemainder()">
               </Test>
               <Test
                  Identifier = "FixedWidthIntegerTests/testRemainderReportingOverflow()">
               </Test>
               <Test
                  Identifier = "FixedWidthIntegerTests/testSubtractingReportingOverflow()">
               </Test>
               <Test
                  Identifier = "NumericTests/testAdditionEqualOperator()">
               </Test>
               <Test
                  Identifier = "NumericTests/testAdditionOperator()">
               </Test>
               <Test
                  Identifier = "NumericTests/testMultiplicationEqualOperator()">
               </Test>
               <Test
                  Identifier = "NumericTests/testMultiplicationOperator()">
               </Test>
               <Test
                  Identifier = "NumericTests/testSubtractionEqualOperator()">
               </Test>
               <Test
                  Identifier = "NumericTests/testSubtractionOperator()">
               </Test>
            </SkippedTests>
         </TestableReference>
      </Testables>
      <MacroExpansion>
         <BuildableReference
            BuildableIdentifier = "primary"
            BlueprintIdentifier = "167CA9BB1EFCF3E50091689C"
            BuildableName = "UInt128.framework"
            BlueprintName = "UInt128-iOS"
            ReferencedContainer = "container:UInt128.xcodeproj">
         </BuildableReference>
      </MacroExpansion>
      <AdditionalOptions>
      </AdditionalOptions>
   </TestAction>
   <LaunchAction
      buildConfiguration = "Debug"
      selectedDebuggerIdentifier = "Xcode.DebuggerFoundation.Debugger.LLDB"
      selectedLauncherIdentifier = "Xcode.DebuggerFoundation.Launcher.LLDB"
      launchStyle = "0"
      useCustomWorkingDirectory = "NO"
      ignoresPersistentStateOnLaunch = "NO"
      debugDocumentVersioning = "YES"
      debugServiceExtension = "internal"
      allowLocationSimulation = "YES">
      <MacroExpansion>
         <BuildableReference
            BuildableIdentifier = "primary"
            BlueprintIdentifier = "167CA9BB1EFCF3E50091689C"
            BuildableName = "UInt128.framework"
            BlueprintName = "UInt128-iOS"
            ReferencedContainer = "container:UInt128.xcodeproj">
         </BuildableReference>
      </MacroExpansion>
      <AdditionalOptions>
      </AdditionalOptions>
   </LaunchAction>
   <ProfileAction
      buildConfiguration = "Release"
      shouldUseLaunchSchemeArgsEnv = "YES"
      savedToolIdentifier = ""
      useCustomWorkingDirectory = "NO"
      debugDocumentVersioning = "YES">
      <MacroExpansion>
         <BuildableReference
            BuildableIdentifier = "primary"
            BlueprintIdentifier = "167CA9BB1EFCF3E50091689C"
            BuildableName = "UInt128.framework"
            BlueprintName = "UInt128-iOS"
            ReferencedContainer = "container:UInt128.xcodeproj">
         </BuildableReference>
      </MacroExpansion>
   </ProfileAction>
   <AnalyzeAction
      buildConfiguration = "Debug">
   </AnalyzeAction>
   <ArchiveAction
      buildConfiguration = "Release"
      revealArchiveInOrganizer = "YES">
   </ArchiveAction>
</Scheme>
